// !$*UTF8*$!
{
	archiveVersion = 1;
	classes = {
	};
	objectVersion = 50;
	objects = {

/* Begin PBXBuildFile section */
		3B01FF88225A12C70052BC5C /* TasksViewModel.swift in Sources */ = {isa = PBXBuildFile; fileRef = 3B01FF84225A12C70052BC5C /* TasksViewModel.swift */; };
		3B01FF89225A12C70052BC5C /* Task.swift in Sources */ = {isa = PBXBuildFile; fileRef = 3B01FF85225A12C70052BC5C /* Task.swift */; };
		3B01FF8A225A12C70052BC5C /* TaskService.swift in Sources */ = {isa = PBXBuildFile; fileRef = 3B01FF86225A12C70052BC5C /* TaskService.swift */; };
		3B01FF8B225A12C70052BC5C /* TasksTableViewController.swift in Sources */ = {isa = PBXBuildFile; fileRef = 3B01FF87225A12C70052BC5C /* TasksTableViewController.swift */; };
		3B01FF8D225A13E80052BC5C /* Mockable.swift in Sources */ = {isa = PBXBuildFile; fileRef = 3B01FF8C225A13E80052BC5C /* Mockable.swift */; };
		3B01FF90225A1BB90052BC5C /* TaskTableViewCell.swift in Sources */ = {isa = PBXBuildFile; fileRef = 3B01FF8F225A1BB90052BC5C /* TaskTableViewCell.swift */; };
		3B1DE70E225A125400D3A17E /* AppDelegate.swift in Sources */ = {isa = PBXBuildFile; fileRef = 3B1DE70D225A125400D3A17E /* AppDelegate.swift */; };
		3B1DE710225A125400D3A17E /* ViewController.swift in Sources */ = {isa = PBXBuildFile; fileRef = 3B1DE70F225A125400D3A17E /* ViewController.swift */; };
		3B1DE713225A125400D3A17E /* BindableType.swift in Sources */ = {isa = PBXBuildFile; fileRef = 3B1DE712225A125400D3A17E /* BindableType.swift */; };
		3B1DE716225A125400D3A17E /* ServiceType.swift in Sources */ = {isa = PBXBuildFile; fileRef = 3B1DE715225A125400D3A17E /* ServiceType.swift */; };
		3B1DE719225A125400D3A17E /* Scene.swift in Sources */ = {isa = PBXBuildFile; fileRef = 3B1DE718225A125400D3A17E /* Scene.swift */; };
		3B1DE71B225A125400D3A17E /* Scene+ViewController.swift in Sources */ = {isa = PBXBuildFile; fileRef = 3B1DE71A225A125400D3A17E /* Scene+ViewController.swift */; };
		3B1DE71D225A125400D3A17E /* SceneCoordinator.swift in Sources */ = {isa = PBXBuildFile; fileRef = 3B1DE71C225A125400D3A17E /* SceneCoordinator.swift */; };
		3B1DE71F225A125400D3A17E /* SceneCoordinatorType.swift in Sources */ = {isa = PBXBuildFile; fileRef = 3B1DE71E225A125400D3A17E /* SceneCoordinatorType.swift */; };
		3B1DE721225A125400D3A17E /* SceneTransitionType.swift in Sources */ = {isa = PBXBuildFile; fileRef = 3B1DE720225A125400D3A17E /* SceneTransitionType.swift */; };
		3B1DE724225A125400D3A17E /* UINavigationController+Rx.swift in Sources */ = {isa = PBXBuildFile; fileRef = 3B1DE723225A125400D3A17E /* UINavigationController+Rx.swift */; };
		3B1DE729225A125400D3A17E /* ItemsFetcher.swift in Sources */ = {isa = PBXBuildFile; fileRef = 3B1DE728225A125400D3A17E /* ItemsFetcher.swift */; };
		3B1DE72B225A125400D3A17E /* ItemsViewModel.swift in Sources */ = {isa = PBXBuildFile; fileRef = 3B1DE72A225A125400D3A17E /* ItemsViewModel.swift */; };
		3B1DE72D225A125400D3A17E /* ItemsViewController.swift in Sources */ = {isa = PBXBuildFile; fileRef = 3B1DE72C225A125400D3A17E /* ItemsViewController.swift */; };
		3B1DE72F225A125400D3A17E /* ItemsTableViewController.swift in Sources */ = {isa = PBXBuildFile; fileRef = 3B1DE72E225A125400D3A17E /* ItemsTableViewController.swift */; };
		3B1DE731225A125400D3A17E /* ItemsCollectionViewController.swift in Sources */ = {isa = PBXBuildFile; fileRef = 3B1DE730225A125400D3A17E /* ItemsCollectionViewController.swift */; };
		3B1DE734225A125400D3A17E /* Main.storyboard in Resources */ = {isa = PBXBuildFile; fileRef = 3B1DE732225A125400D3A17E /* Main.storyboard */; };
		3B1DE736225A125400D3A17E /* Assets.xcassets in Resources */ = {isa = PBXBuildFile; fileRef = 3B1DE735225A125400D3A17E /* Assets.xcassets */; };
		3B1DE739225A125400D3A17E /* LaunchScreen.storyboard in Resources */ = {isa = PBXBuildFile; fileRef = 3B1DE737225A125400D3A17E /* LaunchScreen.storyboard */; };
		3B1DE744225A125400D3A17E /* testTests.swift in Sources */ = {isa = PBXBuildFile; fileRef = 3B1DE743225A125400D3A17E /* testTests.swift */; };
		3BD18681225B510400B63823 /* EditTaskViewModel.swift in Sources */ = {isa = PBXBuildFile; fileRef = 3BD18680225B510400B63823 /* EditTaskViewModel.swift */; };
		3BD18685225B549400B63823 /* EditTaskViewController.swift in Sources */ = {isa = PBXBuildFile; fileRef = 3BD18684225B549400B63823 /* EditTaskViewController.swift */; };
		4196171BB40BDE118C87E2EA /* Pods_test.framework in Frameworks */ = {isa = PBXBuildFile; fileRef = DAD3B856E5ECC71FDD7B42E0 /* Pods_test.framework */; };
/* End PBXBuildFile section */

/* Begin PBXContainerItemProxy section */
		3B1DE740225A125400D3A17E /* PBXContainerItemProxy */ = {
			isa = PBXContainerItemProxy;
			containerPortal = 3B1DE702225A125400D3A17E /* Project object */;
			proxyType = 1;
			remoteGlobalIDString = 3B1DE709225A125400D3A17E;
			remoteInfo = test;
		};
/* End PBXContainerItemProxy section */

/* Begin PBXFileReference section */
		3B01FF84225A12C70052BC5C /* TasksViewModel.swift */ = {isa = PBXFileReference; lastKnownFileType = sourcecode.swift; path = TasksViewModel.swift; sourceTree = "<group>"; };
		3B01FF85225A12C70052BC5C /* Task.swift */ = {isa = PBXFileReference; lastKnownFileType = sourcecode.swift; path = Task.swift; sourceTree = "<group>"; };
		3B01FF86225A12C70052BC5C /* TaskService.swift */ = {isa = PBXFileReference; lastKnownFileType = sourcecode.swift; path = TaskService.swift; sourceTree = "<group>"; };
		3B01FF87225A12C70052BC5C /* TasksTableViewController.swift */ = {isa = PBXFileReference; lastKnownFileType = sourcecode.swift; path = TasksTableViewController.swift; sourceTree = "<group>"; };
		3B01FF8C225A13E80052BC5C /* Mockable.swift */ = {isa = PBXFileReference; lastKnownFileType = sourcecode.swift; path = Mockable.swift; sourceTree = "<group>"; };
		3B01FF8F225A1BB90052BC5C /* TaskTableViewCell.swift */ = {isa = PBXFileReference; fileEncoding = 4; lastKnownFileType = sourcecode.swift; path = TaskTableViewCell.swift; sourceTree = "<group>"; };
		3B1DE70A225A125400D3A17E /* test.app */ = {isa = PBXFileReference; explicitFileType = wrapper.application; includeInIndex = 0; path = test.app; sourceTree = BUILT_PRODUCTS_DIR; };
		3B1DE70D225A125400D3A17E /* AppDelegate.swift */ = {isa = PBXFileReference; lastKnownFileType = sourcecode.swift; path = AppDelegate.swift; sourceTree = "<group>"; };
		3B1DE70F225A125400D3A17E /* ViewController.swift */ = {isa = PBXFileReference; lastKnownFileType = sourcecode.swift; path = ViewController.swift; sourceTree = "<group>"; };
		3B1DE712225A125400D3A17E /* BindableType.swift */ = {isa = PBXFileReference; lastKnownFileType = sourcecode.swift; name = BindableType.swift; path = Controllers/BindableType.swift; sourceTree = "<group>"; };
		3B1DE715225A125400D3A17E /* ServiceType.swift */ = {isa = PBXFileReference; lastKnownFileType = sourcecode.swift; name = ServiceType.swift; path = Services/ServiceType.swift; sourceTree = "<group>"; };
		3B1DE718225A125400D3A17E /* Scene.swift */ = {isa = PBXFileReference; lastKnownFileType = sourcecode.swift; name = Scene.swift; path = Scenes/Scene.swift; sourceTree = "<group>"; };
		3B1DE71A225A125400D3A17E /* Scene+ViewController.swift */ = {isa = PBXFileReference; lastKnownFileType = sourcecode.swift; name = "Scene+ViewController.swift"; path = "Scenes/Scene+ViewController.swift"; sourceTree = "<group>"; };
		3B1DE71C225A125400D3A17E /* SceneCoordinator.swift */ = {isa = PBXFileReference; lastKnownFileType = sourcecode.swift; name = SceneCoordinator.swift; path = Scenes/SceneCoordinator.swift; sourceTree = "<group>"; };
		3B1DE71E225A125400D3A17E /* SceneCoordinatorType.swift */ = {isa = PBXFileReference; lastKnownFileType = sourcecode.swift; name = SceneCoordinatorType.swift; path = Scenes/SceneCoordinatorType.swift; sourceTree = "<group>"; };
		3B1DE720225A125400D3A17E /* SceneTransitionType.swift */ = {isa = PBXFileReference; lastKnownFileType = sourcecode.swift; name = SceneTransitionType.swift; path = Scenes/SceneTransitionType.swift; sourceTree = "<group>"; };
		3B1DE723225A125400D3A17E /* UINavigationController+Rx.swift */ = {isa = PBXFileReference; lastKnownFileType = sourcecode.swift; name = "UINavigationController+Rx.swift"; path = "Extensions/UINavigationController+Rx.swift"; sourceTree = "<group>"; };
		3B1DE728225A125400D3A17E /* ItemsFetcher.swift */ = {isa = PBXFileReference; lastKnownFileType = sourcecode.swift; name = ItemsFetcher.swift; path = ItemsHelper/ItemsFetcher.swift; sourceTree = "<group>"; };
		3B1DE72A225A125400D3A17E /* ItemsViewModel.swift */ = {isa = PBXFileReference; lastKnownFileType = sourcecode.swift; name = ItemsViewModel.swift; path = ItemsHelper/ItemsViewModel.swift; sourceTree = "<group>"; };
		3B1DE72C225A125400D3A17E /* ItemsViewController.swift */ = {isa = PBXFileReference; lastKnownFileType = sourcecode.swift; name = ItemsViewController.swift; path = ItemsHelper/ItemsViewController.swift; sourceTree = "<group>"; };
		3B1DE72E225A125400D3A17E /* ItemsTableViewController.swift */ = {isa = PBXFileReference; lastKnownFileType = sourcecode.swift; name = ItemsTableViewController.swift; path = ItemsHelper/ItemsTableViewController.swift; sourceTree = "<group>"; };
		3B1DE730225A125400D3A17E /* ItemsCollectionViewController.swift */ = {isa = PBXFileReference; lastKnownFileType = sourcecode.swift; name = ItemsCollectionViewController.swift; path = ItemsHelper/ItemsCollectionViewController.swift; sourceTree = "<group>"; };
		3B1DE733225A125400D3A17E /* Base */ = {isa = PBXFileReference; lastKnownFileType = file.storyboard; name = Base; path = Base.lproj/Main.storyboard; sourceTree = "<group>"; };
		3B1DE735225A125400D3A17E /* Assets.xcassets */ = {isa = PBXFileReference; lastKnownFileType = folder.assetcatalog; path = Assets.xcassets; sourceTree = "<group>"; };
		3B1DE738225A125400D3A17E /* Base */ = {isa = PBXFileReference; lastKnownFileType = file.storyboard; name = Base; path = Base.lproj/LaunchScreen.storyboard; sourceTree = "<group>"; };
		3B1DE73A225A125400D3A17E /* Info.plist */ = {isa = PBXFileReference; lastKnownFileType = text.plist.xml; path = Info.plist; sourceTree = "<group>"; };
		3B1DE73F225A125400D3A17E /* testTests.xctest */ = {isa = PBXFileReference; explicitFileType = wrapper.cfbundle; includeInIndex = 0; path = testTests.xctest; sourceTree = BUILT_PRODUCTS_DIR; };
		3B1DE743225A125400D3A17E /* testTests.swift */ = {isa = PBXFileReference; lastKnownFileType = sourcecode.swift; path = testTests.swift; sourceTree = "<group>"; };
		3B1DE745225A125500D3A17E /* Info.plist */ = {isa = PBXFileReference; lastKnownFileType = text.plist.xml; path = Info.plist; sourceTree = "<group>"; };
		3BD18680225B510400B63823 /* EditTaskViewModel.swift */ = {isa = PBXFileReference; lastKnownFileType = sourcecode.swift; path = EditTaskViewModel.swift; sourceTree = "<group>"; };
		3BD18684225B549400B63823 /* EditTaskViewController.swift */ = {isa = PBXFileReference; lastKnownFileType = sourcecode.swift; name = EditTaskViewController.swift; path = Controllers/EditTaskViewController.swift; sourceTree = "<group>"; };
		463FBF7DDD977CAC1EF3A86F /* Pods-test.release.xcconfig */ = {isa = PBXFileReference; includeInIndex = 1; lastKnownFileType = text.xcconfig; name = "Pods-test.release.xcconfig"; path = "Target Support Files/Pods-test/Pods-test.release.xcconfig"; sourceTree = "<group>"; };
		73FF5DBDEE45B367517986C7 /* Pods-test.debug.xcconfig */ = {isa = PBXFileReference; includeInIndex = 1; lastKnownFileType = text.xcconfig; name = "Pods-test.debug.xcconfig"; path = "Target Support Files/Pods-test/Pods-test.debug.xcconfig"; sourceTree = "<group>"; };
		DAD3B856E5ECC71FDD7B42E0 /* Pods_test.framework */ = {isa = PBXFileReference; explicitFileType = wrapper.framework; includeInIndex = 0; path = Pods_test.framework; sourceTree = BUILT_PRODUCTS_DIR; };
/* End PBXFileReference section */

/* Begin PBXFrameworksBuildPhase section */
		3B1DE707225A125400D3A17E /* Frameworks */ = {
			isa = PBXFrameworksBuildPhase;
			buildActionMask = 2147483647;
			files = (
				4196171BB40BDE118C87E2EA /* Pods_test.framework in Frameworks */,
			);
			runOnlyForDeploymentPostprocessing = 0;
		};
		3B1DE73C225A125400D3A17E /* Frameworks */ = {
			isa = PBXFrameworksBuildPhase;
			buildActionMask = 2147483647;
			files = (
			);
			runOnlyForDeploymentPostprocessing = 0;
		};
/* End PBXFrameworksBuildPhase section */

/* Begin PBXGroup section */
		2B4A36F201EAECD0B5ADDE10 /* Frameworks */ = {
			isa = PBXGroup;
			children = (
				DAD3B856E5ECC71FDD7B42E0 /* Pods_test.framework */,
			);
			name = Frameworks;
			sourceTree = "<group>";
		};
		2DC2F2989BDE06AF68E84E37 /* Pods */ = {
			isa = PBXGroup;
			children = (
				73FF5DBDEE45B367517986C7 /* Pods-test.debug.xcconfig */,
				463FBF7DDD977CAC1EF3A86F /* Pods-test.release.xcconfig */,
			);
			path = Pods;
			sourceTree = "<group>";
		};
		3B01FF83225A12AC0052BC5C /* Models */ = {
			isa = PBXGroup;
			children = (
				3B01FF85225A12C70052BC5C /* Task.swift */,
				3B01FF8C225A13E80052BC5C /* Mockable.swift */,
			);
			path = Models;
			sourceTree = "<group>";
		};
		3B01FF8E225A1B6C0052BC5C /* Cells */ = {
			isa = PBXGroup;
			children = (
				3B01FF8F225A1BB90052BC5C /* TaskTableViewCell.swift */,
			);
			path = Cells;
			sourceTree = "<group>";
		};
		3B1DE701225A125400D3A17E = {
			isa = PBXGroup;
			children = (
				3B1DE70C225A125400D3A17E /* test */,
				3B1DE742225A125400D3A17E /* testTests */,
				3B1DE70B225A125400D3A17E /* Products */,
				2DC2F2989BDE06AF68E84E37 /* Pods */,
				2B4A36F201EAECD0B5ADDE10 /* Frameworks */,
			);
			sourceTree = "<group>";
		};
		3B1DE70B225A125400D3A17E /* Products */ = {
			isa = PBXGroup;
			children = (
				3B1DE70A225A125400D3A17E /* test.app */,
				3B1DE73F225A125400D3A17E /* testTests.xctest */,
			);
			name = Products;
			sourceTree = "<group>";
		};
		3B1DE70C225A125400D3A17E /* test */ = {
			isa = PBXGroup;
			children = (
				3B1DE70D225A125400D3A17E /* AppDelegate.swift */,
				3B1DE70F225A125400D3A17E /* ViewController.swift */,
				3B1DE732225A125400D3A17E /* Main.storyboard */,
				3B1DE735225A125400D3A17E /* Assets.xcassets */,
				3B1DE737225A125400D3A17E /* LaunchScreen.storyboard */,
				3B1DE73A225A125400D3A17E /* Info.plist */,
				3B01FF83225A12AC0052BC5C /* Models */,
				3B1DE711225A125400D3A17E /* Controllers */,
				3B01FF8E225A1B6C0052BC5C /* Cells */,
				3B1DE714225A125400D3A17E /* Services */,
				3B1DE717225A125400D3A17E /* Scenes */,
				3B1DE722225A125400D3A17E /* Extensions */,
				3B1DE727225A125400D3A17E /* ItemsHelper */,
			);
			path = test;
			sourceTree = "<group>";
		};
		3B1DE711225A125400D3A17E /* Controllers */ = {
			isa = PBXGroup;
			children = (
				3B01FF87225A12C70052BC5C /* TasksTableViewController.swift */,
				3B01FF84225A12C70052BC5C /* TasksViewModel.swift */,
				3B1DE712225A125400D3A17E /* BindableType.swift */,
				3BD18680225B510400B63823 /* EditTaskViewModel.swift */,
				3BD18684225B549400B63823 /* EditTaskViewController.swift */,
			);
			name = Controllers;
			sourceTree = "<group>";
		};
		3B1DE714225A125400D3A17E /* Services */ = {
			isa = PBXGroup;
			children = (
				3B01FF86225A12C70052BC5C /* TaskService.swift */,
				3B1DE715225A125400D3A17E /* ServiceType.swift */,
			);
			name = Services;
			sourceTree = "<group>";
		};
		3B1DE717225A125400D3A17E /* Scenes */ = {
			isa = PBXGroup;
			children = (
				3B1DE718225A125400D3A17E /* Scene.swift */,
				3B1DE71A225A125400D3A17E /* Scene+ViewController.swift */,
				3B1DE71C225A125400D3A17E /* SceneCoordinator.swift */,
				3B1DE71E225A125400D3A17E /* SceneCoordinatorType.swift */,
				3B1DE720225A125400D3A17E /* SceneTransitionType.swift */,
			);
			name = Scenes;
			sourceTree = "<group>";
		};
		3B1DE722225A125400D3A17E /* Extensions */ = {
			isa = PBXGroup;
			children = (
				3B1DE723225A125400D3A17E /* UINavigationController+Rx.swift */,
			);
			name = Extensions;
			sourceTree = "<group>";
		};
		3B1DE727225A125400D3A17E /* ItemsHelper */ = {
			isa = PBXGroup;
			children = (
				3B1DE728225A125400D3A17E /* ItemsFetcher.swift */,
				3B1DE72A225A125400D3A17E /* ItemsViewModel.swift */,
				3B1DE72C225A125400D3A17E /* ItemsViewController.swift */,
				3B1DE72E225A125400D3A17E /* ItemsTableViewController.swift */,
				3B1DE730225A125400D3A17E /* ItemsCollectionViewController.swift */,
			);
			name = ItemsHelper;
			sourceTree = "<group>";
		};
		3B1DE742225A125400D3A17E /* testTests */ = {
			isa = PBXGroup;
			children = (
				3B1DE743225A125400D3A17E /* testTests.swift */,
				3B1DE745225A125500D3A17E /* Info.plist */,
			);
			path = testTests;
			sourceTree = "<group>";
		};
/* End PBXGroup section */

/* Begin PBXNativeTarget section */
		3B1DE709225A125400D3A17E /* test */ = {
			isa = PBXNativeTarget;
			buildConfigurationList = 3B1DE748225A125500D3A17E /* Build configuration list for PBXNativeTarget "test" */;
			buildPhases = (
				5B60F808CBA0A640C8023FF1 /* [CP] Check Pods Manifest.lock */,
				3B1DE706225A125400D3A17E /* Sources */,
				3B1DE707225A125400D3A17E /* Frameworks */,
				3B1DE708225A125400D3A17E /* Resources */,
				2730A67585498D05FAA6CEA4 /* [CP] Embed Pods Frameworks */,
			);
			buildRules = (
			);
			dependencies = (
			);
			name = test;
			productName = test;
			productReference = 3B1DE70A225A125400D3A17E /* test.app */;
			productType = "com.apple.product-type.application";
		};
		3B1DE73E225A125400D3A17E /* testTests */ = {
			isa = PBXNativeTarget;
			buildConfigurationList = 3B1DE74B225A125500D3A17E /* Build configuration list for PBXNativeTarget "testTests" */;
			buildPhases = (
				3B1DE73B225A125400D3A17E /* Sources */,
				3B1DE73C225A125400D3A17E /* Frameworks */,
				3B1DE73D225A125400D3A17E /* Resources */,
			);
			buildRules = (
			);
			dependencies = (
				3B1DE741225A125400D3A17E /* PBXTargetDependency */,
			);
			name = testTests;
			productName = testTests;
			productReference = 3B1DE73F225A125400D3A17E /* testTests.xctest */;
			productType = "com.apple.product-type.bundle.unit-test";
		};
/* End PBXNativeTarget section */

/* Begin PBXProject section */
		3B1DE702225A125400D3A17E /* Project object */ = {
			isa = PBXProject;
			attributes = {
				LastSwiftUpdateCheck = 1020;
				LastUpgradeCheck = 1020;
				ORGANIZATIONNAME = "Chung Tran";
				TargetAttributes = {
					3B1DE709225A125400D3A17E = {
						CreatedOnToolsVersion = 10.2;
					};
					3B1DE73E225A125400D3A17E = {
						CreatedOnToolsVersion = 10.2;
						TestTargetID = 3B1DE709225A125400D3A17E;
					};
				};
			};
			buildConfigurationList = 3B1DE705225A125400D3A17E /* Build configuration list for PBXProject "test" */;
			compatibilityVersion = "Xcode 9.3";
			developmentRegion = en;
			hasScannedForEncodings = 0;
			knownRegions = (
				en,
				Base,
			);
			mainGroup = 3B1DE701225A125400D3A17E;
			productRefGroup = 3B1DE70B225A125400D3A17E /* Products */;
			projectDirPath = "";
			projectRoot = "";
			targets = (
				3B1DE709225A125400D3A17E /* test */,
				3B1DE73E225A125400D3A17E /* testTests */,
			);
		};
/* End PBXProject section */

/* Begin PBXResourcesBuildPhase section */
		3B1DE708225A125400D3A17E /* Resources */ = {
			isa = PBXResourcesBuildPhase;
			buildActionMask = 2147483647;
			files = (
				3B1DE739225A125400D3A17E /* LaunchScreen.storyboard in Resources */,
				3B1DE736225A125400D3A17E /* Assets.xcassets in Resources */,
				3B1DE734225A125400D3A17E /* Main.storyboard in Resources */,
			);
			runOnlyForDeploymentPostprocessing = 0;
		};
		3B1DE73D225A125400D3A17E /* Resources */ = {
			isa = PBXResourcesBuildPhase;
			buildActionMask = 2147483647;
			files = (
			);
			runOnlyForDeploymentPostprocessing = 0;
		};
/* End PBXResourcesBuildPhase section */

/* Begin PBXShellScriptBuildPhase section */
		2730A67585498D05FAA6CEA4 /* [CP] Embed Pods Frameworks */ = {
			isa = PBXShellScriptBuildPhase;
			buildActionMask = 2147483647;
			files = (
			);
			inputFileListPaths = (
			);
			inputPaths = (
				"${PODS_ROOT}/Target Support Files/Pods-test/Pods-test-frameworks.sh",
				"${BUILT_PRODUCTS_DIR}/Action/Action.framework",
				"${BUILT_PRODUCTS_DIR}/Alamofire/Alamofire.framework",
				"${BUILT_PRODUCTS_DIR}/Differentiator/Differentiator.framework",
				"${BUILT_PRODUCTS_DIR}/JGProgressHUD/JGProgressHUD.framework",
				"${BUILT_PRODUCTS_DIR}/Realm/Realm.framework",
				"${BUILT_PRODUCTS_DIR}/RealmSwift/RealmSwift.framework",
				"${BUILT_PRODUCTS_DIR}/RxCocoa/RxCocoa.framework",
				"${BUILT_PRODUCTS_DIR}/RxDataSources/RxDataSources.framework",
				"${BUILT_PRODUCTS_DIR}/RxRealm/RxRealm.framework",
				"${BUILT_PRODUCTS_DIR}/RxSwift/RxSwift.framework",
				"${BUILT_PRODUCTS_DIR}/Unbox/Unbox.framework",
			);
			name = "[CP] Embed Pods Frameworks";
			outputFileListPaths = (
			);
			outputPaths = (
				"${TARGET_BUILD_DIR}/${FRAMEWORKS_FOLDER_PATH}/Action.framework",
				"${TARGET_BUILD_DIR}/${FRAMEWORKS_FOLDER_PATH}/Alamofire.framework",
				"${TARGET_BUILD_DIR}/${FRAMEWORKS_FOLDER_PATH}/Differentiator.framework",
				"${TARGET_BUILD_DIR}/${FRAMEWORKS_FOLDER_PATH}/JGProgressHUD.framework",
				"${TARGET_BUILD_DIR}/${FRAMEWORKS_FOLDER_PATH}/Realm.framework",
				"${TARGET_BUILD_DIR}/${FRAMEWORKS_FOLDER_PATH}/RealmSwift.framework",
				"${TARGET_BUILD_DIR}/${FRAMEWORKS_FOLDER_PATH}/RxCocoa.framework",
				"${TARGET_BUILD_DIR}/${FRAMEWORKS_FOLDER_PATH}/RxDataSources.framework",
				"${TARGET_BUILD_DIR}/${FRAMEWORKS_FOLDER_PATH}/RxRealm.framework",
				"${TARGET_BUILD_DIR}/${FRAMEWORKS_FOLDER_PATH}/RxSwift.framework",
				"${TARGET_BUILD_DIR}/${FRAMEWORKS_FOLDER_PATH}/Unbox.framework",
			);
			runOnlyForDeploymentPostprocessing = 0;
			shellPath = /bin/sh;
			shellScript = "\"${PODS_ROOT}/Target Support Files/Pods-test/Pods-test-frameworks.sh\"\n";
			showEnvVarsInLog = 0;
		};
		5B60F808CBA0A640C8023FF1 /* [CP] Check Pods Manifest.lock */ = {
			isa = PBXShellScriptBuildPhase;
			buildActionMask = 2147483647;
			files = (
			);
			inputFileListPaths = (
			);
			inputPaths = (
				"${PODS_PODFILE_DIR_PATH}/Podfile.lock",
				"${PODS_ROOT}/Manifest.lock",
			);
			name = "[CP] Check Pods Manifest.lock";
			outputFileListPaths = (
			);
			outputPaths = (
				"$(DERIVED_FILE_DIR)/Pods-test-checkManifestLockResult.txt",
			);
			runOnlyForDeploymentPostprocessing = 0;
			shellPath = /bin/sh;
			shellScript = "diff \"${PODS_PODFILE_DIR_PATH}/Podfile.lock\" \"${PODS_ROOT}/Manifest.lock\" > /dev/null\nif [ $? != 0 ] ; then\n    # print error to STDERR\n    echo \"error: The sandbox is not in sync with the Podfile.lock. Run 'pod install' or update your CocoaPods installation.\" >&2\n    exit 1\nfi\n# This output is used by Xcode 'outputs' to avoid re-running this script phase.\necho \"SUCCESS\" > \"${SCRIPT_OUTPUT_FILE_0}\"\n";
			showEnvVarsInLog = 0;
		};
/* End PBXShellScriptBuildPhase section */

/* Begin PBXSourcesBuildPhase section */
		3B1DE706225A125400D3A17E /* Sources */ = {
			isa = PBXSourcesBuildPhase;
			buildActionMask = 2147483647;
			files = (
				3B1DE710225A125400D3A17E /* ViewController.swift in Sources */,
				3B01FF88225A12C70052BC5C /* TasksViewModel.swift in Sources */,
				3B01FF8A225A12C70052BC5C /* TaskService.swift in Sources */,
				3B1DE724225A125400D3A17E /* UINavigationController+Rx.swift in Sources */,
				3B1DE71F225A125400D3A17E /* SceneCoordinatorType.swift in Sources */,
				3B1DE72D225A125400D3A17E /* ItemsViewController.swift in Sources */,
				3B1DE731225A125400D3A17E /* ItemsCollectionViewController.swift in Sources */,
				3B01FF8D225A13E80052BC5C /* Mockable.swift in Sources */,
				3B1DE713225A125400D3A17E /* BindableType.swift in Sources */,
				3B1DE719225A125400D3A17E /* Scene.swift in Sources */,
				3B1DE72F225A125400D3A17E /* ItemsTableViewController.swift in Sources */,
				3B1DE72B225A125400D3A17E /* ItemsViewModel.swift in Sources */,
				3B01FF8B225A12C70052BC5C /* TasksTableViewController.swift in Sources */,
				3B1DE71B225A125400D3A17E /* Scene+ViewController.swift in Sources */,
				3B01FF90225A1BB90052BC5C /* TaskTableViewCell.swift in Sources */,
				3B1DE70E225A125400D3A17E /* AppDelegate.swift in Sources */,
				3B1DE729225A125400D3A17E /* ItemsFetcher.swift in Sources */,
				3B1DE71D225A125400D3A17E /* SceneCoordinator.swift in Sources */,
				3B1DE716225A125400D3A17E /* ServiceType.swift in Sources */,
				3B01FF89225A12C70052BC5C /* Task.swift in Sources */,
				3B1DE721225A125400D3A17E /* SceneTransitionType.swift in Sources */,
				3BD18681225B510400B63823 /* EditTaskViewModel.swift in Sources */,
				3BD18685225B549400B63823 /* EditTaskViewController.swift in Sources */,
			);
			runOnlyForDeploymentPostprocessing = 0;
		};
		3B1DE73B225A125400D3A17E /* Sources */ = {
			isa = PBXSourcesBuildPhase;
			buildActionMask = 2147483647;
			files = (
				3B1DE744225A125400D3A17E /* testTests.swift in Sources */,
			);
			runOnlyForDeploymentPostprocessing = 0;
		};
/* End PBXSourcesBuildPhase section */

/* Begin PBXTargetDependency section */
		3B1DE741225A125400D3A17E /* PBXTargetDependency */ = {
			isa = PBXTargetDependency;
			target = 3B1DE709225A125400D3A17E /* test */;
			targetProxy = 3B1DE740225A125400D3A17E /* PBXContainerItemProxy */;
		};
/* End PBXTargetDependency section */

/* Begin PBXVariantGroup section */
		3B1DE732225A125400D3A17E /* Main.storyboard */ = {
			isa = PBXVariantGroup;
			children = (
				3B1DE733225A125400D3A17E /* Base */,
			);
			name = Main.storyboard;
			sourceTree = "<group>";
		};
		3B1DE737225A125400D3A17E /* LaunchScreen.storyboard */ = {
			isa = PBXVariantGroup;
			children = (
				3B1DE738225A125400D3A17E /* Base */,
			);
			name = LaunchScreen.storyboard;
			sourceTree = "<group>";
		};
/* End PBXVariantGroup section */

/* Begin XCBuildConfiguration section */
		3B1DE746225A125500D3A17E /* Debug */ = {
			isa = XCBuildConfiguration;
			buildSettings = {
				ALWAYS_SEARCH_USER_PATHS = NO;
				CLANG_ANALYZER_NONNULL = YES;
				CLANG_ANALYZER_NUMBER_OBJECT_CONVERSION = YES_AGGRESSIVE;
				CLANG_CXX_LANGUAGE_STANDARD = "gnu++14";
				CLANG_CXX_LIBRARY = "libc++";
				CLANG_ENABLE_MODULES = YES;
				CLANG_ENABLE_OBJC_ARC = YES;
				CLANG_ENABLE_OBJC_WEAK = YES;
				CLANG_WARN_BLOCK_CAPTURE_AUTORELEASING = YES;
				CLANG_WARN_BOOL_CONVERSION = YES;
				CLANG_WARN_COMMA = YES;
				CLANG_WARN_CONSTANT_CONVERSION = YES;
				CLANG_WARN_DEPRECATED_OBJC_IMPLEMENTATIONS = YES;
				CLANG_WARN_DIRECT_OBJC_ISA_USAGE = YES_ERROR;
				CLANG_WARN_DOCUMENTATION_COMMENTS = YES;
				CLANG_WARN_EMPTY_BODY = YES;
				CLANG_WARN_ENUM_CONVERSION = YES;
				CLANG_WARN_INFINITE_RECURSION = YES;
				CLANG_WARN_INT_CONVERSION = YES;
				CLANG_WARN_NON_LITERAL_NULL_CONVERSION = YES;
				CLANG_WARN_OBJC_IMPLICIT_RETAIN_SELF = YES;
				CLANG_WARN_OBJC_LITERAL_CONVERSION = YES;
				CLANG_WARN_OBJC_ROOT_CLASS = YES_ERROR;
				CLANG_WARN_RANGE_LOOP_ANALYSIS = YES;
				CLANG_WARN_STRICT_PROTOTYPES = YES;
				CLANG_WARN_SUSPICIOUS_MOVE = YES;
				CLANG_WARN_UNGUARDED_AVAILABILITY = YES_AGGRESSIVE;
				CLANG_WARN_UNREACHABLE_CODE = YES;
				CLANG_WARN__DUPLICATE_METHOD_MATCH = YES;
				CODE_SIGN_IDENTITY = "iPhone Developer";
				COPY_PHASE_STRIP = NO;
				DEBUG_INFORMATION_FORMAT = dwarf;
				ENABLE_STRICT_OBJC_MSGSEND = YES;
				ENABLE_TESTABILITY = YES;
				GCC_C_LANGUAGE_STANDARD = gnu11;
				GCC_DYNAMIC_NO_PIC = NO;
				GCC_NO_COMMON_BLOCKS = YES;
				GCC_OPTIMIZATION_LEVEL = 0;
				GCC_PREPROCESSOR_DEFINITIONS = (
					"DEBUG=1",
					"$(inherited)",
				);
				GCC_WARN_64_TO_32_BIT_CONVERSION = YES;
				GCC_WARN_ABOUT_RETURN_TYPE = YES_ERROR;
				GCC_WARN_UNDECLARED_SELECTOR = YES;
				GCC_WARN_UNINITIALIZED_AUTOS = YES_AGGRESSIVE;
				GCC_WARN_UNUSED_FUNCTION = YES;
				GCC_WARN_UNUSED_VARIABLE = YES;
				IPHONEOS_DEPLOYMENT_TARGET = 12.2;
				MTL_ENABLE_DEBUG_INFO = INCLUDE_SOURCE;
				MTL_FAST_MATH = YES;
				ONLY_ACTIVE_ARCH = YES;
				SDKROOT = iphoneos;
				SWIFT_ACTIVE_COMPILATION_CONDITIONS = DEBUG;
				SWIFT_OPTIMIZATION_LEVEL = "-Onone";
			};
			name = Debug;
		};
		3B1DE747225A125500D3A17E /* Release */ = {
			isa = XCBuildConfiguration;
			buildSettings = {
				ALWAYS_SEARCH_USER_PATHS = NO;
				CLANG_ANALYZER_NONNULL = YES;
				CLANG_ANALYZER_NUMBER_OBJECT_CONVERSION = YES_AGGRESSIVE;
				CLANG_CXX_LANGUAGE_STANDARD = "gnu++14";
				CLANG_CXX_LIBRARY = "libc++";
				CLANG_ENABLE_MODULES = YES;
				CLANG_ENABLE_OBJC_ARC = YES;
				CLANG_ENABLE_OBJC_WEAK = YES;
				CLANG_WARN_BLOCK_CAPTURE_AUTORELEASING = YES;
				CLANG_WARN_BOOL_CONVERSION = YES;
				CLANG_WARN_COMMA = YES;
				CLANG_WARN_CONSTANT_CONVERSION = YES;
				CLANG_WARN_DEPRECATED_OBJC_IMPLEMENTATIONS = YES;
				CLANG_WARN_DIRECT_OBJC_ISA_USAGE = YES_ERROR;
				CLANG_WARN_DOCUMENTATION_COMMENTS = YES;
				CLANG_WARN_EMPTY_BODY = YES;
				CLANG_WARN_ENUM_CONVERSION = YES;
				CLANG_WARN_INFINITE_RECURSION = YES;
				CLANG_WARN_INT_CONVERSION = YES;
				CLANG_WARN_NON_LITERAL_NULL_CONVERSION = YES;
				CLANG_WARN_OBJC_IMPLICIT_RETAIN_SELF = YES;
				CLANG_WARN_OBJC_LITERAL_CONVERSION = YES;
				CLANG_WARN_OBJC_ROOT_CLASS = YES_ERROR;
				CLANG_WARN_RANGE_LOOP_ANALYSIS = YES;
				CLANG_WARN_STRICT_PROTOTYPES = YES;
				CLANG_WARN_SUSPICIOUS_MOVE = YES;
				CLANG_WARN_UNGUARDED_AVAILABILITY = YES_AGGRESSIVE;
				CLANG_WARN_UNREACHABLE_CODE = YES;
				CLANG_WARN__DUPLICATE_METHOD_MATCH = YES;
				CODE_SIGN_IDENTITY = "iPhone Developer";
				COPY_PHASE_STRIP = NO;
				DEBUG_INFORMATION_FORMAT = "dwarf-with-dsym";
				ENABLE_NS_ASSERTIONS = NO;
				ENABLE_STRICT_OBJC_MSGSEND = YES;
				GCC_C_LANGUAGE_STANDARD = gnu11;
				GCC_NO_COMMON_BLOCKS = YES;
				GCC_WARN_64_TO_32_BIT_CONVERSION = YES;
				GCC_WARN_ABOUT_RETURN_TYPE = YES_ERROR;
				GCC_WARN_UNDECLARED_SELECTOR = YES;
				GCC_WARN_UNINITIALIZED_AUTOS = YES_AGGRESSIVE;
				GCC_WARN_UNUSED_FUNCTION = YES;
				GCC_WARN_UNUSED_VARIABLE = YES;
				IPHONEOS_DEPLOYMENT_TARGET = 12.2;
				MTL_ENABLE_DEBUG_INFO = NO;
				MTL_FAST_MATH = YES;
				SDKROOT = iphoneos;
				SWIFT_COMPILATION_MODE = wholemodule;
				SWIFT_OPTIMIZATION_LEVEL = "-O";
				VALIDATE_PRODUCT = YES;
			};
			name = Release;
		};
		3B1DE749225A125500D3A17E /* Debug */ = {
			isa = XCBuildConfiguration;
			baseConfigurationReference = 73FF5DBDEE45B367517986C7 /* Pods-test.debug.xcconfig */;
			buildSettings = {
				ASSETCATALOG_COMPILER_APPICON_NAME = AppIcon;
				CODE_SIGN_STYLE = Automatic;
				DEVELOPMENT_TEAM = QPW4XRTF2N;
				INFOPLIST_FILE = test/Info.plist;
				LD_RUNPATH_SEARCH_PATHS = (
					"$(inherited)",
					"@executable_path/Frameworks",
				);
				PRODUCT_BUNDLE_IDENTIFIER = info.bigears.test;
				PRODUCT_NAME = "$(TARGET_NAME)";
				SWIFT_VERSION = 5.0;
				TARGETED_DEVICE_FAMILY = "1,2";
			};
			name = Debug;
		};
		3B1DE74A225A125500D3A17E /* Release */ = {
			isa = XCBuildConfiguration;
			baseConfigurationReference = 463FBF7DDD977CAC1EF3A86F /* Pods-test.release.xcconfig */;
			buildSettings = {
				ASSETCATALOG_COMPILER_APPICON_NAME = AppIcon;
				CODE_SIGN_STYLE = Automatic;
				DEVELOPMENT_TEAM = QPW4XRTF2N;
				INFOPLIST_FILE = test/Info.plist;
				LD_RUNPATH_SEARCH_PATHS = (
					"$(inherited)",
					"@executable_path/Frameworks",
				);
				PRODUCT_BUNDLE_IDENTIFIER = info.bigears.test;
				PRODUCT_NAME = "$(TARGET_NAME)";
				SWIFT_VERSION = 5.0;
				TARGETED_DEVICE_FAMILY = "1,2";
			};
			name = Release;
		};
		3B1DE74C225A125500D3A17E /* Debug */ = {
			isa = XCBuildConfiguration;
			buildSettings = {
				ALWAYS_EMBED_SWIFT_STANDARD_LIBRARIES = YES;
				BUNDLE_LOADER = "$(TEST_HOST)";
				CODE_SIGN_STYLE = Automatic;
				DEVELOPMENT_TEAM = QPW4XRTF2N;
				INFOPLIST_FILE = testTests/Info.plist;
				LD_RUNPATH_SEARCH_PATHS = (
					"$(inherited)",
					"@executable_path/Frameworks",
					"@loader_path/Frameworks",
				);
				PRODUCT_BUNDLE_IDENTIFIER = info.bigears.testTests;
				PRODUCT_NAME = "$(TARGET_NAME)";
				SWIFT_VERSION = 5.0;
				TARGETED_DEVICE_FAMILY = "1,2";
				TEST_HOST = "$(BUILT_PRODUCTS_DIR)/test.app/test";
			};
			name = Debug;
		};
		3B1DE74D225A125500D3A17E /* Release */ = {
			isa = XCBuildConfiguration;
			buildSettings = {
				ALWAYS_EMBED_SWIFT_STANDARD_LIBRARIES = YES;
				BUNDLE_LOADER = "$(TEST_HOST)";
				CODE_SIGN_STYLE = Automatic;
				DEVELOPMENT_TEAM = QPW4XRTF2N;
				INFOPLIST_FILE = testTests/Info.plist;
				LD_RUNPATH_SEARCH_PATHS = (
					"$(inherited)",
					"@executable_path/Frameworks",
					"@loader_path/Frameworks",
				);
				PRODUCT_BUNDLE_IDENTIFIER = info.bigears.testTests;
				PRODUCT_NAME = "$(TARGET_NAME)";
				SWIFT_VERSION = 5.0;
				TARGETED_DEVICE_FAMILY = "1,2";
				TEST_HOST = "$(BUILT_PRODUCTS_DIR)/test.app/test";
			};
			name = Release;
		};
/* End XCBuildConfiguration section */

/* Begin XCConfigurationList section */
		3B1DE705225A125400D3A17E /* Build configuration list for PBXProject "test" */ = {
			isa = XCConfigurationList;
			buildConfigurations = (
				3B1DE746225A125500D3A17E /* Debug */,
				3B1DE747225A125500D3A17E /* Release */,
			);
			defaultConfigurationIsVisible = 0;
			defaultConfigurationName = Release;
		};
		3B1DE748225A125500D3A17E /* Build configuration list for PBXNativeTarget "test" */ = {
			isa = XCConfigurationList;
			buildConfigurations = (
				3B1DE749225A125500D3A17E /* Debug */,
				3B1DE74A225A125500D3A17E /* Release */,
			);
			defaultConfigurationIsVisible = 0;
			defaultConfigurationName = Release;
		};
		3B1DE74B225A125500D3A17E /* Build configuration list for PBXNativeTarget "testTests" */ = {
			isa = XCConfigurationList;
			buildConfigurations = (
				3B1DE74C225A125500D3A17E /* Debug */,
				3B1DE74D225A125500D3A17E /* Release */,
			);
			defaultConfigurationIsVisible = 0;
			defaultConfigurationName = Release;
		};
/* End XCConfigurationList section */
	};
	rootObject = 3B1DE702225A125400D3A17E /* Project object */;
}
